{
  "name": "cmd-rpg",
  "version": "1.0.0",
  "lockfileVersion": 3,
  "requires": true,
  "packages": {
    "": {
      "name": "cmd-rpg",
      "version": "1.0.0",
      "license": "ISC",
      "dependencies": {
        "ascii-table": "^0.0.9",
        "kitsune-database": "^2.0.1"
      }
    },
    "node_modules/ascii-table": {
      "version": "0.0.9",
      "resolved": "https://registry.npmjs.org/ascii-table/-/ascii-table-0.0.9.tgz",
      "integrity": "sha512-xpkr6sCDIYTPqzvjG8M3ncw1YOTaloWZOyrUmicoEifBEKzQzt+ooUpRpQ/AbOoJfO/p2ZKiyp79qHThzJDulQ=="
    },
    "node_modules/kitsune-database": {
      "version": "2.0.1",
      "resolved": "https://registry.npmjs.org/kitsune-database/-/kitsune-database-2.0.1.tgz",
      "integrity": "sha512-LceTvRhYewfxAkCybdwJTNlJZIj8GEFI7m/am1eu/J9gPD9RGoEOtvmU4JFVfWR9GwyWm9q9tzrnXJ7mmBms7w=="
    }
  }
}
